// !$*UTF8*$!
{
	archiveVersion = 1;
	classes = {
	};
	objectVersion = 46;
	objects = {

/* Begin PBXBuildFile section */
		5308DFE91377145F00419588 /* SFMT.c in Sources */ = {isa = PBXBuildFile; fileRef = 5308DFE81377145F00419588 /* SFMT.c */; };
		534140B2165352250060879A /* SFMT.c in Sources */ = {isa = PBXBuildFile; fileRef = 5308DFE81377145F00419588 /* SFMT.c */; };
		534140B9165352250060879A /* libtbb.dylib in Frameworks */ = {isa = PBXBuildFile; fileRef = 53E19AAA16532E7F00B00262 /* libtbb.dylib */; };
		53414102165611040060879A /* Gtp.cpp in Sources */ = {isa = PBXBuildFile; fileRef = 534140EC165611040060879A /* Gtp.cpp */; };
		53414103165611040060879A /* GtpCyKill.cpp in Sources */ = {isa = PBXBuildFile; fileRef = 534140EE165611040060879A /* GtpCyKill.cpp */; };
		53414104165611040060879A /* main-CyKill.cpp in Sources */ = {isa = PBXBuildFile; fileRef = 534140F1165611040060879A /* main-CyKill.cpp */; };
		53414106165611040060879A /* Pattern.cpp in Sources */ = {isa = PBXBuildFile; fileRef = 534140F8165611040060879A /* Pattern.cpp */; };
		53414107165611040060879A /* Zobrist.cpp in Sources */ = {isa = PBXBuildFile; fileRef = 53414100165611040060879A /* Zobrist.cpp */; };
		5341410A165611500060879A /* libmysqlcppconn.5.1.1.0.dylib in Frameworks */ = {isa = PBXBuildFile; fileRef = 53414109165611500060879A /* libmysqlcppconn.5.1.1.0.dylib */; };
		53414118165B09700060879A /* test-Board.cpp in Sources */ = {isa = PBXBuildFile; fileRef = 53414113165B09700060879A /* test-Board.cpp */; };
		53414119165B09700060879A /* test-Gtp.cpp in Sources */ = {isa = PBXBuildFile; fileRef = 53414114165B09700060879A /* test-Gtp.cpp */; };
		5341411A165B09700060879A /* test-NatSet.cpp in Sources */ = {isa = PBXBuildFile; fileRef = 53414115165B09700060879A /* test-NatSet.cpp */; };
		5341411B165B09700060879A /* test-TicTacToeGame.cpp in Sources */ = {isa = PBXBuildFile; fileRef = 53414116165B09700060879A /* test-TicTacToeGame.cpp */; };
		5341411C165B09700060879A /* test-WeightedRandomChooser.cpp in Sources */ = {isa = PBXBuildFile; fileRef = 53414117165B09700060879A /* test-WeightedRandomChooser.cpp */; };
		5341411E165B0AF70060879A /* libmysqlcppconn.5.1.1.0.dylib in Frameworks */ = {isa = PBXBuildFile; fileRef = 53414109165611500060879A /* libmysqlcppconn.5.1.1.0.dylib */; };
		5341411F165B0AF70060879A /* libtbb.dylib in Frameworks */ = {isa = PBXBuildFile; fileRef = 53E19AAA16532E7F00B00262 /* libtbb.dylib */; };
		53414120165B0B480060879A /* Gtp.cpp in Sources */ = {isa = PBXBuildFile; fileRef = 534140EC165611040060879A /* Gtp.cpp */; };
		53414121165B0B480060879A /* GtpCyKill.cpp in Sources */ = {isa = PBXBuildFile; fileRef = 534140EE165611040060879A /* GtpCyKill.cpp */; };
		53414123165B0B480060879A /* Pattern.cpp in Sources */ = {isa = PBXBuildFile; fileRef = 534140F8165611040060879A /* Pattern.cpp */; };
		53414124165B0B480060879A /* Zobrist.cpp in Sources */ = {isa = PBXBuildFile; fileRef = 53414100165611040060879A /* Zobrist.cpp */; };
		53B11A46137D2A54008C425F /* SFMT.c in Sources */ = {isa = PBXBuildFile; fileRef = 5308DFE81377145F00419588 /* SFMT.c */; };
		53C5FFA016649E730010ECE0 /* SFMT.c in Sources */ = {isa = PBXBuildFile; fileRef = 5308DFE81377145F00419588 /* SFMT.c */; };
		53C5FFA116649E730010ECE0 /* Gtp.cpp in Sources */ = {isa = PBXBuildFile; fileRef = 534140EC165611040060879A /* Gtp.cpp */; };
		53C5FFA216649E730010ECE0 /* GtpCyKill.cpp in Sources */ = {isa = PBXBuildFile; fileRef = 534140EE165611040060879A /* GtpCyKill.cpp */; };
		53C5FFA416649E730010ECE0 /* Pattern.cpp in Sources */ = {isa = PBXBuildFile; fileRef = 534140F8165611040060879A /* Pattern.cpp */; };
		53C5FFA516649E730010ECE0 /* Zobrist.cpp in Sources */ = {isa = PBXBuildFile; fileRef = 53414100165611040060879A /* Zobrist.cpp */; };
		53C5FFA716649E730010ECE0 /* libmysqlcppconn.5.1.1.0.dylib in Frameworks */ = {isa = PBXBuildFile; fileRef = 53414109165611500060879A /* libmysqlcppconn.5.1.1.0.dylib */; };
		53C5FFA816649E730010ECE0 /* libtbb.dylib in Frameworks */ = {isa = PBXBuildFile; fileRef = 53E19AAA16532E7F00B00262 /* libtbb.dylib */; };
		53C5FFB716649EBB0010ECE0 /* main-BenchmarkPlayouts.cpp in Sources */ = {isa = PBXBuildFile; fileRef = 53C5FFAF16649EB40010ECE0 /* main-BenchmarkPlayouts.cpp */; };
		53C5FFB816649F4C0010ECE0 /* MysqlOpeningBook.cpp in Sources */ = {isa = PBXBuildFile; fileRef = 53C5FFB416649EB50010ECE0 /* MysqlOpeningBook.cpp */; };
		53E199EE16507CD400B00262 /* SFMT.c in Sources */ = {isa = PBXBuildFile; fileRef = 5308DFE81377145F00419588 /* SFMT.c */; };
		53E19A5C165087EB00B00262 /* gtest_main.cc in Sources */ = {isa = PBXBuildFile; fileRef = 53B11A54137D2B7E008C425F /* gtest_main.cc */; };
		53E19A5D165087EB00B00262 /* gtest-all.cc in Sources */ = {isa = PBXBuildFile; fileRef = 53B11A55137D2B7E008C425F /* gtest-all.cc */; };
		53E19AAB16532E7F00B00262 /* libtbb.dylib in Frameworks */ = {isa = PBXBuildFile; fileRef = 53E19AAA16532E7F00B00262 /* libtbb.dylib */; };
/* End PBXBuildFile section */

/* Begin PBXCopyFilesBuildPhase section */
		534140BA165352250060879A /* CopyFiles */ = {
			isa = PBXCopyFilesBuildPhase;
			buildActionMask = 2147483647;
			dstPath = /usr/share/man/man1/;
			dstSubfolderSpec = 0;
			files = (
			);
			runOnlyForDeploymentPostprocessing = 1;
		};
		535807A813770676004E1654 /* CopyFiles */ = {
			isa = PBXCopyFilesBuildPhase;
			buildActionMask = 2147483647;
			dstPath = /usr/share/man/man1/;
			dstSubfolderSpec = 0;
			files = (
			);
			runOnlyForDeploymentPostprocessing = 1;
		};
		53B11A49137D2A54008C425F /* CopyFiles */ = {
			isa = PBXCopyFilesBuildPhase;
			buildActionMask = 2147483647;
			dstPath = /usr/share/man/man1/;
			dstSubfolderSpec = 0;
			files = (
			);
			runOnlyForDeploymentPostprocessing = 1;
		};
		53C5FFA916649E730010ECE0 /* CopyFiles */ = {
			isa = PBXCopyFilesBuildPhase;
			buildActionMask = 2147483647;
			dstPath = /usr/share/man/man1/;
			dstSubfolderSpec = 0;
			files = (
			);
			runOnlyForDeploymentPostprocessing = 1;
		};
		53E199C816507BC600B00262 /* CopyFiles */ = {
			isa = PBXCopyFilesBuildPhase;
			buildActionMask = 2147483647;
			dstPath = /usr/share/man/man1/;
			dstSubfolderSpec = 0;
			files = (
			);
			runOnlyForDeploymentPostprocessing = 1;
		};
/* End PBXCopyFilesBuildPhase section */

/* Begin PBXFileReference section */
		5308DFE81377145F00419588 /* SFMT.c */ = {isa = PBXFileReference; fileEncoding = 4; lastKnownFileType = sourcecode.c.c; name = SFMT.c; path = ext/mt/SFMT.c; sourceTree = "<group>"; };
		534140AB16533FA50060879A /* libboost_system-mt.a */ = {isa = PBXFileReference; lastKnownFileType = archive.ar; name = "libboost_system-mt.a"; path = "../../../../usr/local/Cellar/boost/1.51.0/lib/libboost_system-mt.a"; sourceTree = "<group>"; };
		534140AC16533FA50060879A /* libboost_thread-mt.a */ = {isa = PBXFileReference; lastKnownFileType = archive.ar; name = "libboost_thread-mt.a"; path = "../../../../usr/local/Cellar/boost/1.51.0/lib/libboost_thread-mt.a"; sourceTree = "<group>"; };
		534140BE165352250060879A /* main-Synthetic */ = {isa = PBXFileReference; explicitFileType = "compiled.mach-o.executable"; includeInIndex = 0; path = "main-Synthetic"; sourceTree = BUILT_PRODUCTS_DIR; };
		534140E6165611040060879A /* Board.h */ = {isa = PBXFileReference; fileEncoding = 4; lastKnownFileType = sourcecode.c.h; name = Board.h; path = src/Board.h; sourceTree = "<group>"; };
		534140E7165611040060879A /* ChainInfo.h */ = {isa = PBXFileReference; fileEncoding = 4; lastKnownFileType = sourcecode.c.h; name = ChainInfo.h; path = src/ChainInfo.h; sourceTree = "<group>"; };
		534140E8165611040060879A /* config.h */ = {isa = PBXFileReference; fileEncoding = 4; lastKnownFileType = sourcecode.c.h; name = config.h; path = src/config.h; sourceTree = "<group>"; };
		534140E9165611040060879A /* Connect4Game.h */ = {isa = PBXFileReference; fileEncoding = 4; lastKnownFileType = sourcecode.c.h; name = Connect4Game.h; path = src/Connect4Game.h; sourceTree = "<group>"; };
		534140EA165611040060879A /* debug.h */ = {isa = PBXFileReference; fileEncoding = 4; lastKnownFileType = sourcecode.c.h; name = debug.h; path = src/debug.h; sourceTree = "<group>"; };
		534140EC165611040060879A /* Gtp.cpp */ = {isa = PBXFileReference; fileEncoding = 4; lastKnownFileType = sourcecode.cpp.cpp; name = Gtp.cpp; path = src/Gtp.cpp; sourceTree = "<group>"; };
		534140ED165611040060879A /* Gtp.h */ = {isa = PBXFileReference; fileEncoding = 4; lastKnownFileType = sourcecode.c.h; name = Gtp.h; path = src/Gtp.h; sourceTree = "<group>"; };
		534140EE165611040060879A /* GtpCyKill.cpp */ = {isa = PBXFileReference; fileEncoding = 4; lastKnownFileType = sourcecode.cpp.cpp; name = GtpCyKill.cpp; path = src/GtpCyKill.cpp; sourceTree = "<group>"; };
		534140EF165611040060879A /* GtpCyKill.h */ = {isa = PBXFileReference; fileEncoding = 4; lastKnownFileType = sourcecode.c.h; name = GtpCyKill.h; path = src/GtpCyKill.h; sourceTree = "<group>"; };
		534140F0165611040060879A /* GtpMcts.h */ = {isa = PBXFileReference; fileEncoding = 4; lastKnownFileType = sourcecode.c.h; name = GtpMcts.h; path = src/GtpMcts.h; sourceTree = "<group>"; };
		534140F1165611040060879A /* main-CyKill.cpp */ = {isa = PBXFileReference; fileEncoding = 4; lastKnownFileType = sourcecode.cpp.cpp; name = "main-CyKill.cpp"; path = "src/main-CyKill.cpp"; sourceTree = "<group>"; };
		534140F2165611040060879A /* mcts2.h */ = {isa = PBXFileReference; fileEncoding = 4; lastKnownFileType = sourcecode.c.h; name = mcts2.h; path = src/mcts2.h; sourceTree = "<group>"; };
		534140F5165611040060879A /* Nat.h */ = {isa = PBXFileReference; fileEncoding = 4; lastKnownFileType = sourcecode.c.h; name = Nat.h; path = src/Nat.h; sourceTree = "<group>"; };
		534140F6165611040060879A /* NatMap.h */ = {isa = PBXFileReference; fileEncoding = 4; lastKnownFileType = sourcecode.c.h; name = NatMap.h; path = src/NatMap.h; sourceTree = "<group>"; };
		534140F7165611040060879A /* NatSet.h */ = {isa = PBXFileReference; fileEncoding = 4; lastKnownFileType = sourcecode.c.h; name = NatSet.h; path = src/NatSet.h; sourceTree = "<group>"; };
		534140F8165611040060879A /* Pattern.cpp */ = {isa = PBXFileReference; fileEncoding = 4; lastKnownFileType = sourcecode.cpp.cpp; name = Pattern.cpp; path = src/Pattern.cpp; sourceTree = "<group>"; };
		534140F9165611040060879A /* Pattern.h */ = {isa = PBXFileReference; fileEncoding = 4; lastKnownFileType = sourcecode.c.h; name = Pattern.h; path = src/Pattern.h; sourceTree = "<group>"; };
		534140FA165611040060879A /* Point.h */ = {isa = PBXFileReference; fileEncoding = 4; lastKnownFileType = sourcecode.c.h; name = Point.h; path = src/Point.h; sourceTree = "<group>"; };
		534140FB165611040060879A /* PointColor.h */ = {isa = PBXFileReference; fileEncoding = 4; lastKnownFileType = sourcecode.c.h; name = PointColor.h; path = src/PointColor.h; sourceTree = "<group>"; };
		534140FC165611040060879A /* RandomPlayer.h */ = {isa = PBXFileReference; fileEncoding = 4; lastKnownFileType = sourcecode.c.h; name = RandomPlayer.h; path = src/RandomPlayer.h; sourceTree = "<group>"; };
		534140FD165611040060879A /* TicTacToeGame.h */ = {isa = PBXFileReference; fileEncoding = 4; lastKnownFileType = sourcecode.c.h; name = TicTacToeGame.h; path = src/TicTacToeGame.h; sourceTree = "<group>"; };
		534140FE165611040060879A /* TwoPlayerGridGame.h */ = {isa = PBXFileReference; fileEncoding = 4; lastKnownFileType = sourcecode.c.h; name = TwoPlayerGridGame.h; path = src/TwoPlayerGridGame.h; sourceTree = "<group>"; };
		534140FF165611040060879A /* WeightedRandomChooser.h */ = {isa = PBXFileReference; fileEncoding = 4; lastKnownFileType = sourcecode.c.h; name = WeightedRandomChooser.h; path = src/WeightedRandomChooser.h; sourceTree = "<group>"; };
		53414100165611040060879A /* Zobrist.cpp */ = {isa = PBXFileReference; fileEncoding = 4; lastKnownFileType = sourcecode.cpp.cpp; name = Zobrist.cpp; path = src/Zobrist.cpp; sourceTree = "<group>"; };
		53414101165611040060879A /* Zobrist.h */ = {isa = PBXFileReference; fileEncoding = 4; lastKnownFileType = sourcecode.c.h; name = Zobrist.h; path = src/Zobrist.h; sourceTree = "<group>"; };
		53414109165611500060879A /* libmysqlcppconn.5.1.1.0.dylib */ = {isa = PBXFileReference; lastKnownFileType = "compiled.mach-o.dylib"; name = libmysqlcppconn.5.1.1.0.dylib; path = "../../../../usr/local/Cellar/mysql-connector-c++/1.1.0/lib/libmysqlcppconn.5.1.1.0.dylib"; sourceTree = "<group>"; };
		53414113165B09700060879A /* test-Board.cpp */ = {isa = PBXFileReference; fileEncoding = 4; lastKnownFileType = sourcecode.cpp.cpp; name = "test-Board.cpp"; path = "src/test-Board.cpp"; sourceTree = "<group>"; };
		53414114165B09700060879A /* test-Gtp.cpp */ = {isa = PBXFileReference; fileEncoding = 4; lastKnownFileType = sourcecode.cpp.cpp; name = "test-Gtp.cpp"; path = "src/test-Gtp.cpp"; sourceTree = "<group>"; };
		53414115165B09700060879A /* test-NatSet.cpp */ = {isa = PBXFileReference; fileEncoding = 4; lastKnownFileType = sourcecode.cpp.cpp; name = "test-NatSet.cpp"; path = "src/test-NatSet.cpp"; sourceTree = "<group>"; };
		53414116165B09700060879A /* test-TicTacToeGame.cpp */ = {isa = PBXFileReference; fileEncoding = 4; lastKnownFileType = sourcecode.cpp.cpp; name = "test-TicTacToeGame.cpp"; path = "src/test-TicTacToeGame.cpp"; sourceTree = "<group>"; };
		53414117165B09700060879A /* test-WeightedRandomChooser.cpp */ = {isa = PBXFileReference; fileEncoding = 4; lastKnownFileType = sourcecode.cpp.cpp; name = "test-WeightedRandomChooser.cpp"; path = "src/test-WeightedRandomChooser.cpp"; sourceTree = "<group>"; };
		535807AA13770676004E1654 /* cy-kill */ = {isa = PBXFileReference; explicitFileType = "compiled.mach-o.executable"; includeInIndex = 0; path = "cy-kill"; sourceTree = BUILT_PRODUCTS_DIR; };
		53B11A4D137D2A54008C425F /* test */ = {isa = PBXFileReference; explicitFileType = "compiled.mach-o.executable"; includeInIndex = 0; path = test; sourceTree = BUILT_PRODUCTS_DIR; };
		53B11A54137D2B7E008C425F /* gtest_main.cc */ = {isa = PBXFileReference; fileEncoding = 4; lastKnownFileType = sourcecode.cpp.cpp; name = gtest_main.cc; path = ext/googletest/src/gtest_main.cc; sourceTree = "<group>"; };
		53B11A55137D2B7E008C425F /* gtest-all.cc */ = {isa = PBXFileReference; fileEncoding = 4; lastKnownFileType = sourcecode.cpp.cpp; name = "gtest-all.cc"; path = "ext/googletest/src/gtest-all.cc"; sourceTree = "<group>"; };
		53C5FFAD16649E730010ECE0 /* main-BenchmarkPlayouts */ = {isa = PBXFileReference; explicitFileType = "compiled.mach-o.executable"; includeInIndex = 0; path = "main-BenchmarkPlayouts"; sourceTree = BUILT_PRODUCTS_DIR; };
		53C5FFAF16649EB40010ECE0 /* main-BenchmarkPlayouts.cpp */ = {isa = PBXFileReference; lastKnownFileType = sourcecode.cpp.cpp; name = "main-BenchmarkPlayouts.cpp"; path = "src/main-BenchmarkPlayouts.cpp"; sourceTree = "<group>"; };
		53C5FFB016649EB40010ECE0 /* main-Connect4.cpp */ = {isa = PBXFileReference; lastKnownFileType = sourcecode.cpp.cpp; name = "main-Connect4.cpp"; path = "src/main-Connect4.cpp"; sourceTree = "<group>"; };
		53C5FFB116649EB40010ECE0 /* main-DumpPattern.cpp */ = {isa = PBXFileReference; lastKnownFileType = sourcecode.cpp.cpp; name = "main-DumpPattern.cpp"; path = "src/main-DumpPattern.cpp"; sourceTree = "<group>"; };
		53C5FFB216649EB40010ECE0 /* main-Synthetic.cpp */ = {isa = PBXFileReference; lastKnownFileType = sourcecode.cpp.cpp; name = "main-Synthetic.cpp"; path = "src/main-Synthetic.cpp"; sourceTree = "<group>"; };
		53C5FFB316649EB40010ECE0 /* main-TicTacToe.cpp */ = {isa = PBXFileReference; lastKnownFileType = sourcecode.cpp.cpp; name = "main-TicTacToe.cpp"; path = "src/main-TicTacToe.cpp"; sourceTree = "<group>"; };
		53C5FFB416649EB50010ECE0 /* MysqlOpeningBook.cpp */ = {isa = PBXFileReference; lastKnownFileType = sourcecode.cpp.cpp; name = MysqlOpeningBook.cpp; path = src/MysqlOpeningBook.cpp; sourceTree = "<group>"; };
		53C5FFB516649EB50010ECE0 /* MysqlOpeningBook.h */ = {isa = PBXFileReference; lastKnownFileType = sourcecode.c.h; name = MysqlOpeningBook.h; path = src/MysqlOpeningBook.h; sourceTree = "<group>"; };
		53C5FFB616649EB50010ECE0 /* OpeningBook.h */ = {isa = PBXFileReference; lastKnownFileType = sourcecode.c.h; name = OpeningBook.h; path = src/OpeningBook.h; sourceTree = "<group>"; };
		53E199CC16507BC600B00262 /* tictactoe-main */ = {isa = PBXFileReference; explicitFileType = "compiled.mach-o.executable"; includeInIndex = 0; path = "tictactoe-main"; sourceTree = BUILT_PRODUCTS_DIR; };
		53E19AAA16532E7F00B00262 /* libtbb.dylib */ = {isa = PBXFileReference; lastKnownFileType = "compiled.mach-o.dylib"; name = libtbb.dylib; path = ../../../../usr/local/Cellar/tbb/4.1u1/lib/libtbb.dylib; sourceTree = "<group>"; };
/* End PBXFileReference section */

/* Begin PBXFrameworksBuildPhase section */
		534140B8165352250060879A /* Frameworks */ = {
			isa = PBXFrameworksBuildPhase;
			buildActionMask = 2147483647;
			files = (
				534140B9165352250060879A /* libtbb.dylib in Frameworks */,
			);
			runOnlyForDeploymentPostprocessing = 0;
		};
		535807A713770676004E1654 /* Frameworks */ = {
			isa = PBXFrameworksBuildPhase;
			buildActionMask = 2147483647;
			files = (
				5341410A165611500060879A /* libmysqlcppconn.5.1.1.0.dylib in Frameworks */,
				53E19AAB16532E7F00B00262 /* libtbb.dylib in Frameworks */,
			);
			runOnlyForDeploymentPostprocessing = 0;
		};
		53B11A48137D2A54008C425F /* Frameworks */ = {
			isa = PBXFrameworksBuildPhase;
			buildActionMask = 2147483647;
			files = (
				5341411E165B0AF70060879A /* libmysqlcppconn.5.1.1.0.dylib in Frameworks */,
				5341411F165B0AF70060879A /* libtbb.dylib in Frameworks */,
			);
			runOnlyForDeploymentPostprocessing = 0;
		};
		53C5FFA616649E730010ECE0 /* Frameworks */ = {
			isa = PBXFrameworksBuildPhase;
			buildActionMask = 2147483647;
			files = (
				53C5FFA716649E730010ECE0 /* libmysqlcppconn.5.1.1.0.dylib in Frameworks */,
				53C5FFA816649E730010ECE0 /* libtbb.dylib in Frameworks */,
			);
			runOnlyForDeploymentPostprocessing = 0;
		};
		53E199C716507BC600B00262 /* Frameworks */ = {
			isa = PBXFrameworksBuildPhase;
			buildActionMask = 2147483647;
			files = (
			);
			runOnlyForDeploymentPostprocessing = 0;
		};
/* End PBXFrameworksBuildPhase section */

/* Begin PBXGroup section */
		5308DFE61377144300419588 /* ext */ = {
			isa = PBXGroup;
			children = (
				53B11A53137D2B58008C425F /* googletest */,
				5308DFE71377144C00419588 /* mt */,
			);
			name = ext;
			sourceTree = "<group>";
		};
		5308DFE71377144C00419588 /* mt */ = {
			isa = PBXGroup;
			children = (
				5308DFE81377145F00419588 /* SFMT.c */,
			);
			name = mt;
			sourceTree = "<group>";
		};
		53414108165611130060879A /* src */ = {
			isa = PBXGroup;
			children = (
				53C5FFAF16649EB40010ECE0 /* main-BenchmarkPlayouts.cpp */,
				53C5FFB016649EB40010ECE0 /* main-Connect4.cpp */,
				53C5FFB116649EB40010ECE0 /* main-DumpPattern.cpp */,
				53C5FFB216649EB40010ECE0 /* main-Synthetic.cpp */,
				53C5FFB316649EB40010ECE0 /* main-TicTacToe.cpp */,
				53C5FFB416649EB50010ECE0 /* MysqlOpeningBook.cpp */,
				53C5FFB516649EB50010ECE0 /* MysqlOpeningBook.h */,
				53C5FFB616649EB50010ECE0 /* OpeningBook.h */,
				53414113165B09700060879A /* test-Board.cpp */,
				53414114165B09700060879A /* test-Gtp.cpp */,
				53414115165B09700060879A /* test-NatSet.cpp */,
				53414116165B09700060879A /* test-TicTacToeGame.cpp */,
				53414117165B09700060879A /* test-WeightedRandomChooser.cpp */,
				534140E6165611040060879A /* Board.h */,
				534140E7165611040060879A /* ChainInfo.h */,
				534140E8165611040060879A /* config.h */,
				534140E9165611040060879A /* Connect4Game.h */,
				534140EA165611040060879A /* debug.h */,
				534140EC165611040060879A /* Gtp.cpp */,
				534140ED165611040060879A /* Gtp.h */,
				534140EE165611040060879A /* GtpCyKill.cpp */,
				534140EF165611040060879A /* GtpCyKill.h */,
				534140F0165611040060879A /* GtpMcts.h */,
				534140F1165611040060879A /* main-CyKill.cpp */,
				534140F2165611040060879A /* mcts2.h */,
				534140F5165611040060879A /* Nat.h */,
				534140F6165611040060879A /* NatMap.h */,
				534140F7165611040060879A /* NatSet.h */,
				534140F8165611040060879A /* Pattern.cpp */,
				534140F9165611040060879A /* Pattern.h */,
				534140FA165611040060879A /* Point.h */,
				534140FB165611040060879A /* PointColor.h */,
				534140FC165611040060879A /* RandomPlayer.h */,
				534140FD165611040060879A /* TicTacToeGame.h */,
				534140FE165611040060879A /* TwoPlayerGridGame.h */,
				534140FF165611040060879A /* WeightedRandomChooser.h */,
				53414100165611040060879A /* Zobrist.cpp */,
				53414101165611040060879A /* Zobrist.h */,
			);
			name = src;
			sourceTree = "<group>";
		};
		5358079F13770676004E1654 = {
			isa = PBXGroup;
			children = (
				53414109165611500060879A /* libmysqlcppconn.5.1.1.0.dylib */,
				53414108165611130060879A /* src */,
				534140AB16533FA50060879A /* libboost_system-mt.a */,
				534140AC16533FA50060879A /* libboost_thread-mt.a */,
				53E19AAA16532E7F00B00262 /* libtbb.dylib */,
				5308DFE61377144300419588 /* ext */,
				535807AB13770676004E1654 /* Products */,
			);
			sourceTree = "<group>";
		};
		535807AB13770676004E1654 /* Products */ = {
			isa = PBXGroup;
			children = (
				535807AA13770676004E1654 /* cy-kill */,
				53B11A4D137D2A54008C425F /* test */,
				53E199CC16507BC600B00262 /* tictactoe-main */,
				534140BE165352250060879A /* main-Synthetic */,
				53C5FFAD16649E730010ECE0 /* main-BenchmarkPlayouts */,
			);
			name = Products;
			sourceTree = "<group>";
		};
		53B11A53137D2B58008C425F /* googletest */ = {
			isa = PBXGroup;
			children = (
				53B11A54137D2B7E008C425F /* gtest_main.cc */,
				53B11A55137D2B7E008C425F /* gtest-all.cc */,
			);
			name = googletest;
			sourceTree = "<group>";
		};
/* End PBXGroup section */

/* Begin PBXNativeTarget section */
		534140B0165352250060879A /* main-Synthetic */ = {
			isa = PBXNativeTarget;
			buildConfigurationList = 534140BB165352250060879A /* Build configuration list for PBXNativeTarget "main-Synthetic" */;
			buildPhases = (
				534140B1165352250060879A /* Sources */,
				534140B8165352250060879A /* Frameworks */,
				534140BA165352250060879A /* CopyFiles */,
			);
			buildRules = (
			);
			dependencies = (
			);
			name = "main-Synthetic";
			productName = "cy-kill";
			productReference = 534140BE165352250060879A /* main-Synthetic */;
			productType = "com.apple.product-type.tool";
		};
		535807A913770676004E1654 /* cy-kill */ = {
			isa = PBXNativeTarget;
			buildConfigurationList = 535807B313770676004E1654 /* Build configuration list for PBXNativeTarget "cy-kill" */;
			buildPhases = (
				535807A613770676004E1654 /* Sources */,
				535807A713770676004E1654 /* Frameworks */,
				535807A813770676004E1654 /* CopyFiles */,
			);
			buildRules = (
			);
			dependencies = (
			);
			name = "cy-kill";
			productName = "cy-kill";
			productReference = 535807AA13770676004E1654 /* cy-kill */;
			productType = "com.apple.product-type.tool";
		};
		53B11A40137D2A54008C425F /* test */ = {
			isa = PBXNativeTarget;
			buildConfigurationList = 53B11A4A137D2A54008C425F /* Build configuration list for PBXNativeTarget "test" */;
			buildPhases = (
				53B11A41137D2A54008C425F /* Sources */,
				53B11A48137D2A54008C425F /* Frameworks */,
				53B11A49137D2A54008C425F /* CopyFiles */,
			);
			buildRules = (
			);
			dependencies = (
			);
			name = test;
			productName = "cy-kill";
			productReference = 53B11A4D137D2A54008C425F /* test */;
			productType = "com.apple.product-type.tool";
		};
		53C5FF9E16649E730010ECE0 /* main-BenchmarkPlayouts */ = {
			isa = PBXNativeTarget;
			buildConfigurationList = 53C5FFAA16649E730010ECE0 /* Build configuration list for PBXNativeTarget "main-BenchmarkPlayouts" */;
			buildPhases = (
				53C5FF9F16649E730010ECE0 /* Sources */,
				53C5FFA616649E730010ECE0 /* Frameworks */,
				53C5FFA916649E730010ECE0 /* CopyFiles */,
			);
			buildRules = (
			);
			dependencies = (
			);
			name = "main-BenchmarkPlayouts";
			productName = "cy-kill";
			productReference = 53C5FFAD16649E730010ECE0 /* main-BenchmarkPlayouts */;
			productType = "com.apple.product-type.tool";
		};
		53E199B816507BC600B00262 /* tictactoe-main */ = {
			isa = PBXNativeTarget;
			buildConfigurationList = 53E199C916507BC600B00262 /* Build configuration list for PBXNativeTarget "tictactoe-main" */;
			buildPhases = (
				53E199B916507BC600B00262 /* Sources */,
				53E199C716507BC600B00262 /* Frameworks */,
				53E199C816507BC600B00262 /* CopyFiles */,
			);
			buildRules = (
			);
			dependencies = (
			);
			name = "tictactoe-main";
			productName = "cy-kill";
			productReference = 53E199CC16507BC600B00262 /* tictactoe-main */;
			productType = "com.apple.product-type.tool";
		};
/* End PBXNativeTarget section */

/* Begin PBXProject section */
		535807A113770676004E1654 /* Project object */ = {
			isa = PBXProject;
			attributes = {
				LastUpgradeCheck = 0450;
				ORGANIZATIONNAME = Hobbyist;
			};
			buildConfigurationList = 535807A413770676004E1654 /* Build configuration list for PBXProject "cy-kill" */;
			compatibilityVersion = "Xcode 3.2";
			developmentRegion = English;
			hasScannedForEncodings = 0;
			knownRegions = (
				en,
			);
			mainGroup = 5358079F13770676004E1654;
			productRefGroup = 535807AB13770676004E1654 /* Products */;
			projectDirPath = "";
			projectRoot = "";
			targets = (
				535807A913770676004E1654 /* cy-kill */,
				53B11A40137D2A54008C425F /* test */,
				53E199B816507BC600B00262 /* tictactoe-main */,
				534140B0165352250060879A /* main-Synthetic */,
				53C5FF9E16649E730010ECE0 /* main-BenchmarkPlayouts */,
			);
		};
/* End PBXProject section */

/* Begin PBXSourcesBuildPhase section */
		534140B1165352250060879A /* Sources */ = {
			isa = PBXSourcesBuildPhase;
			buildActionMask = 2147483647;
			files = (
				534140B2165352250060879A /* SFMT.c in Sources */,
			);
			runOnlyForDeploymentPostprocessing = 0;
		};
		535807A613770676004E1654 /* Sources */ = {
			isa = PBXSourcesBuildPhase;
			buildActionMask = 2147483647;
			files = (
				5308DFE91377145F00419588 /* SFMT.c in Sources */,
				53414102165611040060879A /* Gtp.cpp in Sources */,
				53414103165611040060879A /* GtpCyKill.cpp in Sources */,
				53414104165611040060879A /* main-CyKill.cpp in Sources */,
				53414106165611040060879A /* Pattern.cpp in Sources */,
				53414107165611040060879A /* Zobrist.cpp in Sources */,
			);
			runOnlyForDeploymentPostprocessing = 0;
		};
		53B11A41137D2A54008C425F /* Sources */ = {
			isa = PBXSourcesBuildPhase;
			buildActionMask = 2147483647;
			files = (
				53414120165B0B480060879A /* Gtp.cpp in Sources */,
				53414121165B0B480060879A /* GtpCyKill.cpp in Sources */,
				53414123165B0B480060879A /* Pattern.cpp in Sources */,
				53414124165B0B480060879A /* Zobrist.cpp in Sources */,
				53E19A5C165087EB00B00262 /* gtest_main.cc in Sources */,
				53E19A5D165087EB00B00262 /* gtest-all.cc in Sources */,
				53B11A46137D2A54008C425F /* SFMT.c in Sources */,
				53414118165B09700060879A /* test-Board.cpp in Sources */,
				53414119165B09700060879A /* test-Gtp.cpp in Sources */,
				5341411A165B09700060879A /* test-NatSet.cpp in Sources */,
				5341411B165B09700060879A /* test-TicTacToeGame.cpp in Sources */,
				5341411C165B09700060879A /* test-WeightedRandomChooser.cpp in Sources */,
			);
			runOnlyForDeploymentPostprocessing = 0;
		};
		53C5FF9F16649E730010ECE0 /* Sources */ = {
			isa = PBXSourcesBuildPhase;
			buildActionMask = 2147483647;
			files = (
				53C5FFB816649F4C0010ECE0 /* MysqlOpeningBook.cpp in Sources */,
				53C5FFB716649EBB0010ECE0 /* main-BenchmarkPlayouts.cpp in Sources */,
				53C5FFA016649E730010ECE0 /* SFMT.c in Sources */,
				53C5FFA116649E730010ECE0 /* Gtp.cpp in Sources */,
				53C5FFA216649E730010ECE0 /* GtpCyKill.cpp in Sources */,
				53C5FFA416649E730010ECE0 /* Pattern.cpp in Sources */,
				53C5FFA516649E730010ECE0 /* Zobrist.cpp in Sources */,
			);
			runOnlyForDeploymentPostprocessing = 0;
		};
		53E199B916507BC600B00262 /* Sources */ = {
			isa = PBXSourcesBuildPhase;
			buildActionMask = 2147483647;
			files = (
				53E199EE16507CD400B00262 /* SFMT.c in Sources */,
			);
			runOnlyForDeploymentPostprocessing = 0;
		};
/* End PBXSourcesBuildPhase section */

/* Begin XCBuildConfiguration section */
		534140BC165352250060879A /* Debug */ = {
			isa = XCBuildConfiguration;
			buildSettings = {
				LIBRARY_SEARCH_PATHS = (
					"$(inherited)",
					/usr/local/Cellar/tbb/4.1u1/lib,
					/usr/local/Cellar/boost/1.51.0/lib,
				);
				PRODUCT_NAME = "main-Synthetic";
			};
			name = Debug;
		};
		534140BD165352250060879A /* Release */ = {
			isa = XCBuildConfiguration;
			buildSettings = {
				LIBRARY_SEARCH_PATHS = (
					"$(inherited)",
					/usr/local/Cellar/tbb/4.1u1/lib,
					/usr/local/Cellar/boost/1.51.0/lib,
				);
				PRODUCT_NAME = "main-Synthetic";
			};
			name = Release;
		};
		535807B113770676004E1654 /* Debug */ = {
			isa = XCBuildConfiguration;
			buildSettings = {
				ARCHS = "$(NATIVE_ARCH_ACTUAL)";
				COPY_PHASE_STRIP = NO;
				DEAD_CODE_STRIPPING = YES;
				DEBUG_INFORMATION_FORMAT = dwarf;
				GCC_C_LANGUAGE_STANDARD = gnu99;
				GCC_ENABLE_CPP_RTTI = YES;
				GCC_ENABLE_OBJC_EXCEPTIONS = NO;
				GCC_OPTIMIZATION_LEVEL = 0;
				GCC_PREPROCESSOR_DEFINITIONS = (
					"MEXP=19937",
					DEBUG,
				);
				GCC_SYMBOLS_PRIVATE_EXTERN = NO;
				GCC_UNROLL_LOOPS = YES;
				GCC_VERSION = "";
				GCC_WARN_64_TO_32_BIT_CONVERSION = YES;
				GCC_WARN_ABOUT_RETURN_TYPE = YES;
				GCC_WARN_UNUSED_VARIABLE = YES;
				MACOSX_DEPLOYMENT_TARGET = 10.6;
				ONLY_ACTIVE_ARCH = YES;
				SDKROOT = macosx;
				USER_HEADER_SEARCH_PATHS = "/usr/local/include ext/mt ext/sqlite ext/googletest/include ext/googletest/";
			};
			name = Debug;
		};
		535807B213770676004E1654 /* Release */ = {
			isa = XCBuildConfiguration;
			buildSettings = {
				ARCHS = "$(NATIVE_ARCH_ACTUAL)";
				DEAD_CODE_STRIPPING = YES;
				DEBUG_INFORMATION_FORMAT = "dwarf-with-dsym";
				GCC_C_LANGUAGE_STANDARD = gnu99;
				GCC_ENABLE_CPP_RTTI = YES;
				GCC_ENABLE_OBJC_EXCEPTIONS = NO;
				GCC_OPTIMIZATION_LEVEL = 3;
				GCC_PREPROCESSOR_DEFINITIONS = "MEXP=19937";
				GCC_UNROLL_LOOPS = YES;
				GCC_VERSION = "";
				GCC_WARN_64_TO_32_BIT_CONVERSION = YES;
				GCC_WARN_ABOUT_RETURN_TYPE = YES;
				GCC_WARN_UNUSED_VARIABLE = YES;
				MACOSX_DEPLOYMENT_TARGET = 10.6;
				SDKROOT = macosx;
				USER_HEADER_SEARCH_PATHS = "/usr/local/include ext/mt ext/sqlite ext/googletest/include ext/googletest/";
			};
			name = Release;
		};
		535807B413770676004E1654 /* Debug */ = {
			isa = XCBuildConfiguration;
			buildSettings = {
				LIBRARY_SEARCH_PATHS = (
					"$(inherited)",
					/usr/local/Cellar/tbb/4.1u1/lib,
					/usr/local/Cellar/boost/1.51.0/lib,
					"\"/usr/local/Cellar/mysql-connector-c++/1.1.0/lib\"",
				);
				PRODUCT_NAME = "$(TARGET_NAME)";
			};
			name = Debug;
		};
		535807B513770676004E1654 /* Release */ = {
			isa = XCBuildConfiguration;
			buildSettings = {
				LIBRARY_SEARCH_PATHS = (
					"$(inherited)",
					/usr/local/Cellar/tbb/4.1u1/lib,
					/usr/local/Cellar/boost/1.51.0/lib,
					"\"/usr/local/Cellar/mysql-connector-c++/1.1.0/lib\"",
				);
				PRODUCT_NAME = "$(TARGET_NAME)";
			};
			name = Release;
		};
		53B11A4B137D2A54008C425F /* Debug */ = {
			isa = XCBuildConfiguration;
			buildSettings = {
				LIBRARY_SEARCH_PATHS = (
					"$(inherited)",
					"\"/usr/local/Cellar/mysql-connector-c++/1.1.0/lib\"",
					/usr/local/Cellar/tbb/4.1u1/lib,
				);
				PRODUCT_NAME = test;
			};
			name = Debug;
		};
		53B11A4C137D2A54008C425F /* Release */ = {
			isa = XCBuildConfiguration;
			buildSettings = {
				LIBRARY_SEARCH_PATHS = (
					"$(inherited)",
					"\"/usr/local/Cellar/mysql-connector-c++/1.1.0/lib\"",
					/usr/local/Cellar/tbb/4.1u1/lib,
				);
				PRODUCT_NAME = test;
			};
			name = Release;
		};
		53C5FFAB16649E730010ECE0 /* Debug */ = {
			isa = XCBuildConfiguration;
			buildSettings = {
				LIBRARY_SEARCH_PATHS = (
					"$(inherited)",
					/usr/local/Cellar/tbb/4.1u1/lib,
					/usr/local/Cellar/boost/1.51.0/lib,
					"\"/usr/local/Cellar/mysql-connector-c++/1.1.0/lib\"",
				);
				PRODUCT_NAME = "main-BenchmarkPlayouts";
			};
			name = Debug;
		};
		53C5FFAC16649E730010ECE0 /* Release */ = {
			isa = XCBuildConfiguration;
			buildSettings = {
				LIBRARY_SEARCH_PATHS = (
					"$(inherited)",
					/usr/local/Cellar/tbb/4.1u1/lib,
					/usr/local/Cellar/boost/1.51.0/lib,
					"\"/usr/local/Cellar/mysql-connector-c++/1.1.0/lib\"",
				);
				PRODUCT_NAME = "main-BenchmarkPlayouts";
			};
			name = Release;
		};
		53E199CA16507BC600B00262 /* Debug */ = {
			isa = XCBuildConfiguration;
			buildSettings = {
				PRODUCT_NAME = "tictactoe-main";
			};
			name = Debug;
		};
		53E199CB16507BC600B00262 /* Release */ = {
			isa = XCBuildConfiguration;
			buildSettings = {
				PRODUCT_NAME = "tictactoe-main";
			};
			name = Release;
		};
/* End XCBuildConfiguration section */

/* Begin XCConfigurationList section */
		534140BB165352250060879A /* Build configuration list for PBXNativeTarget "main-Synthetic" */ = {
			isa = XCConfigurationList;
			buildConfigurations = (
				534140BC165352250060879A /* Debug */,
				534140BD165352250060879A /* Release */,
			);
			defaultConfigurationIsVisible = 0;
			defaultConfigurationName = Release;
		};
		535807A413770676004E1654 /* Build configuration list for PBXProject "cy-kill" */ = {
			isa = XCConfigurationList;
			buildConfigurations = (
				535807B113770676004E1654 /* Debug */,
				535807B213770676004E1654 /* Release */,
			);
			defaultConfigurationIsVisible = 0;
			defaultConfigurationName = Release;
		};
		535807B313770676004E1654 /* Build configuration list for PBXNativeTarget "cy-kill" */ = {
			isa = XCConfigurationList;
			buildConfigurations = (
				535807B413770676004E1654 /* Debug */,
				535807B513770676004E1654 /* Release */,
			);
			defaultConfigurationIsVisible = 0;
			defaultConfigurationName = Release;
		};
		53B11A4A137D2A54008C425F /* Build configuration list for PBXNativeTarget "test" */ = {
			isa = XCConfigurationList;
			buildConfigurations = (
				53B11A4B137D2A54008C425F /* Debug */,
				53B11A4C137D2A54008C425F /* Release */,
			);
			defaultConfigurationIsVisible = 0;
			defaultConfigurationName = Release;
		};
		53C5FFAA16649E730010ECE0 /* Build configuration list for PBXNativeTarget "main-BenchmarkPlayouts" */ = {
			isa = XCConfigurationList;
			buildConfigurations = (
				53C5FFAB16649E730010ECE0 /* Debug */,
				53C5FFAC16649E730010ECE0 /* Release */,
			);
			defaultConfigurationIsVisible = 0;
			defaultConfigurationName = Release;
		};
		53E199C916507BC600B00262 /* Build configuration list for PBXNativeTarget "tictactoe-main" */ = {
			isa = XCConfigurationList;
			buildConfigurations = (
				53E199CA16507BC600B00262 /* Debug */,
				53E199CB16507BC600B00262 /* Release */,
			);
			defaultConfigurationIsVisible = 0;
			defaultConfigurationName = Release;
		};
/* End XCConfigurationList section */
	};
	rootObject = 535807A113770676004E1654 /* Project object */;
}
